
Microsoft Visual Studio Solution File, Format Version 12.00
# Visual Studio Version 17
VisualStudioVersion = 17.11.35312.102
MinimumVisualStudioVersion = 10.0.40219.1
Project("{9A19103F-16F7-4668-BE54-9A1E7A4F7556}") = "cs_project_1", "cs_project_1.csproj", "{7C5DB71D-1BD7-47EC-91DB-7EEA4333B93F}"
EndProject
Project("{FAE04EC0-301F-11D3-BF4B-00C04F79EFBC}") = "JsonLibrary", "..\JsonLibrary\JsonLibrary.csproj", "{126709D3-E94B-40AB-8CE4-D4E6C42CE2BC}"
EndProject
Global
	GlobalSection(SolutionConfigurationPlatforms) = preSolution
		Debug|Any CPU = Debug|Any CPU
		Release|Any CPU = Release|Any CPU
	EndGlobalSection
	GlobalSection(ProjectConfigurationPlatforms) = postSolution
		{7C5DB71D-1BD7-47EC-91DB-7EEA4333B93F}.Debug|Any CPU.ActiveCfg = Debug|Any CPU
		{7C5DB71D-1BD7-47EC-91DB-7EEA4333B93F}.Debug|Any CPU.Build.0 = Debug|Any CPU
		{7C5DB71D-1BD7-47EC-91DB-7EEA4333B93F}.Release|Any CPU.ActiveCfg = Release|Any CPU
		{7C5DB71D-1BD7-47EC-91DB-7EEA4333B93F}.Release|Any CPU.Build.0 = Release|Any CPU
		{126709D3-E94B-40AB-8CE4-D4E6C42CE2BC}.Debug|Any CPU.ActiveCfg = Debug|Any CPU
		{126709D3-E94B-40AB-8CE4-D4E6C42CE2BC}.Debug|Any CPU.Build.0 = Debug|Any CPU
		{126709D3-E94B-40AB-8CE4-D4E6C42CE2BC}.Release|Any CPU.ActiveCfg = Release|Any CPU
		{126709D3-E94B-40AB-8CE4-D4E6C42CE2BC}.Release|Any CPU.Build.0 = Release|Any CPU
	EndGlobalSection
	GlobalSection(SolutionProperties) = preSolution
		HideSolutionNode = FALSE
	EndGlobalSection
	GlobalSection(ExtensibilityGlobals) = postSolution
		SolutionGuid = {B10FE77C-7CC7-4AB3-A849-2D10C34F11DD}
	EndGlobalSection
EndGlobal
